
Microsoft Visual Studio Solution File, Format Version 12.00
# Visual Studio Version 16
VisualStudioVersion = 16.0.29009.5
MinimumVisualStudioVersion = 10.0.40219.1
Project("{9A19103F-16F7-4668-BE54-9A1E7A4F7556}") = "SmartParkingApp", "SmartParkingApp\SmartParkingApp.csproj", "{0796E990-0713-4536-A064-73CE2BE0CED6}"
EndProject
Project("{9A19103F-16F7-4668-BE54-9A1E7A4F7556}") = "User_GUI", "User_GUI\User_GUI.csproj", "{EF126268-7B07-41BA-B245-271B90B474CB}"
EndProject
Project("{FAE04EC0-301F-11D3-BF4B-00C04F79EFBC}") = "Admin", "Admin\Admin.csproj", "{978E3823-D576-4584-BDCE-96D61A1FDCF9}"
EndProject
Global
	GlobalSection(SolutionConfigurationPlatforms) = preSolution
		Debug|Any CPU = Debug|Any CPU
		Release|Any CPU = Release|Any CPU
	EndGlobalSection
	GlobalSection(ProjectConfigurationPlatforms) = postSolution
		{0796E990-0713-4536-A064-73CE2BE0CED6}.Debug|Any CPU.ActiveCfg = Debug|Any CPU
		{0796E990-0713-4536-A064-73CE2BE0CED6}.Debug|Any CPU.Build.0 = Debug|Any CPU
		{0796E990-0713-4536-A064-73CE2BE0CED6}.Release|Any CPU.ActiveCfg = Release|Any CPU
		{0796E990-0713-4536-A064-73CE2BE0CED6}.Release|Any CPU.Build.0 = Release|Any CPU
		{EF126268-7B07-41BA-B245-271B90B474CB}.Debug|Any CPU.ActiveCfg = Debug|Any CPU
		{EF126268-7B07-41BA-B245-271B90B474CB}.Debug|Any CPU.Build.0 = Debug|Any CPU
		{EF126268-7B07-41BA-B245-271B90B474CB}.Release|Any CPU.ActiveCfg = Release|Any CPU
		{EF126268-7B07-41BA-B245-271B90B474CB}.Release|Any CPU.Build.0 = Release|Any CPU
		{978E3823-D576-4584-BDCE-96D61A1FDCF9}.Debug|Any CPU.ActiveCfg = Debug|Any CPU
		{978E3823-D576-4584-BDCE-96D61A1FDCF9}.Debug|Any CPU.Build.0 = Debug|Any CPU
		{978E3823-D576-4584-BDCE-96D61A1FDCF9}.Release|Any CPU.ActiveCfg = Release|Any CPU
		{978E3823-D576-4584-BDCE-96D61A1FDCF9}.Release|Any CPU.Build.0 = Release|Any CPU
	EndGlobalSection
	GlobalSection(SolutionProperties) = preSolution
		HideSolutionNode = FALSE
	EndGlobalSection
	GlobalSection(ExtensibilityGlobals) = postSolution
		SolutionGuid = {6DE71027-7BF1-4FC5-BEEA-9CBD30568859}
	EndGlobalSection
EndGlobal
